{
  "name": "project",
  "version": "1.0.0",
  "lockfileVersion": 3,
  "requires": true,
  "packages": {
    "": {
      "name": "project",
      "version": "1.0.0",
      "license": "ISC",
      "dependencies": {
        "show-hide": "^0.9.0",
        "starability": "^2.4.0"
      }
    },
    "node_modules/show-hide": {
      "version": "0.9.0",
      "resolved": "https://registry.npmjs.org/show-hide/-/show-hide-0.9.0.tgz",
      "integrity": "sha512-j1o64maTZPspIxV0cZKQHTe/KS37R4Jcg99RcTB06c33Rk+wvmTgibfWOohgGiI0rN/lfWkxceXGtzoHpgxF7w=="
    },
    "node_modules/starability": {
      "version": "2.4.0",
      "resolved": "https://registry.npmjs.org/starability/-/starability-2.4.0.tgz",
      "integrity": "sha512-hZqDVkuVN1UNRDTUhLZHaUXgVK9EdAMudAl8mpqJa38O0bh+TdGYiQ1eNVfxkFVFvp1w/CN5emyZ6lDLIZ88Iw=="
    }
  }
}
